
Microsoft Visual Studio Solution File, Format Version 12.00
# Visual Studio Version 17
VisualStudioVersion = 17.7.34221.43
MinimumVisualStudioVersion = 10.0.40219.1
Project("{FAE04EC0-301F-11D3-BF4B-00C04F79EFBC}") = "BankingSystem.API", "BankingSystem.API\BankingSystem.API.csproj", "{047D7F2B-10B8-4DE1-BB1D-C08F13DA2722}"
EndProject
Project("{FAE04EC0-301F-11D3-BF4B-00C04F79EFBC}") = "BankingSystem.Core", "BankingSystem.Core\BankingSystem.Core.csproj", "{0C03A030-5333-4C2C-ABE4-4209C02AD47E}"
EndProject
Project("{FAE04EC0-301F-11D3-BF4B-00C04F79EFBC}") = "BankingSystem.Application", "BankingSystem.Application\BankingSystem.Application.csproj", "{E56BABD2-8A5C-49D9-BF27-B5ACDA969DE6}"
EndProject
Project("{FAE04EC0-301F-11D3-BF4B-00C04F79EFBC}") = "BankingSystem.Infrastructure", "BankingSystem.Infrastructure\BankingSystem.Infrastructure.csproj", "{0666ACD3-339C-4672-8E25-674EE20A507E}"
EndProject
Project("{FAE04EC0-301F-11D3-BF4B-00C04F79EFBC}") = "BankingSystem.Shared", "BankingSystem.Shared\BankingSystem.Shared.csproj", "{FBE9EBD1-5BA5-46C3-A1C9-D1029787C01E}"
EndProject
Global
	GlobalSection(SolutionConfigurationPlatforms) = preSolution
		Debug|Any CPU = Debug|Any CPU
		Release|Any CPU = Release|Any CPU
	EndGlobalSection
	GlobalSection(ProjectConfigurationPlatforms) = postSolution
		{047D7F2B-10B8-4DE1-BB1D-C08F13DA2722}.Debug|Any CPU.ActiveCfg = Debug|Any CPU
		{047D7F2B-10B8-4DE1-BB1D-C08F13DA2722}.Debug|Any CPU.Build.0 = Debug|Any CPU
		{047D7F2B-10B8-4DE1-BB1D-C08F13DA2722}.Release|Any CPU.ActiveCfg = Release|Any CPU
		{047D7F2B-10B8-4DE1-BB1D-C08F13DA2722}.Release|Any CPU.Build.0 = Release|Any CPU
		{0C03A030-5333-4C2C-ABE4-4209C02AD47E}.Debug|Any CPU.ActiveCfg = Debug|Any CPU
		{0C03A030-5333-4C2C-ABE4-4209C02AD47E}.Debug|Any CPU.Build.0 = Debug|Any CPU
		{0C03A030-5333-4C2C-ABE4-4209C02AD47E}.Release|Any CPU.ActiveCfg = Release|Any CPU
		{0C03A030-5333-4C2C-ABE4-4209C02AD47E}.Release|Any CPU.Build.0 = Release|Any CPU
		{E56BABD2-8A5C-49D9-BF27-B5ACDA969DE6}.Debug|Any CPU.ActiveCfg = Debug|Any CPU
		{E56BABD2-8A5C-49D9-BF27-B5ACDA969DE6}.Debug|Any CPU.Build.0 = Debug|Any CPU
		{E56BABD2-8A5C-49D9-BF27-B5ACDA969DE6}.Release|Any CPU.ActiveCfg = Release|Any CPU
		{E56BABD2-8A5C-49D9-BF27-B5ACDA969DE6}.Release|Any CPU.Build.0 = Release|Any CPU
		{0666ACD3-339C-4672-8E25-674EE20A507E}.Debug|Any CPU.ActiveCfg = Debug|Any CPU
		{0666ACD3-339C-4672-8E25-674EE20A507E}.Debug|Any CPU.Build.0 = Debug|Any CPU
		{0666ACD3-339C-4672-8E25-674EE20A507E}.Release|Any CPU.ActiveCfg = Release|Any CPU
		{0666ACD3-339C-4672-8E25-674EE20A507E}.Release|Any CPU.Build.0 = Release|Any CPU
		{FBE9EBD1-5BA5-46C3-A1C9-D1029787C01E}.Debug|Any CPU.ActiveCfg = Debug|Any CPU
		{FBE9EBD1-5BA5-46C3-A1C9-D1029787C01E}.Debug|Any CPU.Build.0 = Debug|Any CPU
		{FBE9EBD1-5BA5-46C3-A1C9-D1029787C01E}.Release|Any CPU.ActiveCfg = Release|Any CPU
		{FBE9EBD1-5BA5-46C3-A1C9-D1029787C01E}.Release|Any CPU.Build.0 = Release|Any CPU
	EndGlobalSection
	GlobalSection(SolutionProperties) = preSolution
		HideSolutionNode = FALSE
	EndGlobalSection
	GlobalSection(ExtensibilityGlobals) = postSolution
		SolutionGuid = {A7ACD2AF-ACE7-4CCD-AE70-F870141527FD}
	EndGlobalSection
EndGlobal
